
Microsoft Visual Studio Solution File, Format Version 12.00
# Visual Studio Version 17
VisualStudioVersion = 17.0.31919.166
MinimumVisualStudioVersion = 10.0.40219.1
Project("{FAE04EC0-301F-11D3-BF4B-00C04F79EFBC}") = "C_Sharp_IEnumerator_Interface", "C_Sharp_IEnumerator_Interface\C_Sharp_IEnumerator_Interface.csproj", "{0BFE1418-FD8E-4BA9-B080-D3EA13704152}"
EndProject
Global
	GlobalSection(SolutionConfigurationPlatforms) = preSolution
		Debug|Any CPU = Debug|Any CPU
		Release|Any CPU = Release|Any CPU
	EndGlobalSection
	GlobalSection(ProjectConfigurationPlatforms) = postSolution
		{0BFE1418-FD8E-4BA9-B080-D3EA13704152}.Debug|Any CPU.ActiveCfg = Debug|Any CPU
		{0BFE1418-FD8E-4BA9-B080-D3EA13704152}.Debug|Any CPU.Build.0 = Debug|Any CPU
		{0BFE1418-FD8E-4BA9-B080-D3EA13704152}.Release|Any CPU.ActiveCfg = Release|Any CPU
		{0BFE1418-FD8E-4BA9-B080-D3EA13704152}.Release|Any CPU.Build.0 = Release|Any CPU
	EndGlobalSection
	GlobalSection(SolutionProperties) = preSolution
		HideSolutionNode = FALSE
	EndGlobalSection
	GlobalSection(ExtensibilityGlobals) = postSolution
		SolutionGuid = {BDA81689-1851-4AEB-A33E-530A1FE469E2}
	EndGlobalSection
EndGlobal
